
Microsoft Visual Studio Solution File, Format Version 12.00
# Visual Studio Version 17
VisualStudioVersion = 17.14.36221.1 d17.14
MinimumVisualStudioVersion = 10.0.40219.1
Project("{FAE04EC0-301F-11D3-BF4B-00C04F79EFBC}") = "DigitalLogicSim", "DigitalLogicSim\DigitalLogicSim.csproj", "{D91B13F0-FC5A-4A10-91A1-41458EF8B285}"
EndProject
Global
	GlobalSection(SolutionConfigurationPlatforms) = preSolution
		Debug|Any CPU = Debug|Any CPU
		Release|Any CPU = Release|Any CPU
	EndGlobalSection
	GlobalSection(ProjectConfigurationPlatforms) = postSolution
		{D91B13F0-FC5A-4A10-91A1-41458EF8B285}.Debug|Any CPU.ActiveCfg = Debug|Any CPU
		{D91B13F0-FC5A-4A10-91A1-41458EF8B285}.Debug|Any CPU.Build.0 = Debug|Any CPU
		{D91B13F0-FC5A-4A10-91A1-41458EF8B285}.Release|Any CPU.ActiveCfg = Release|Any CPU
		{D91B13F0-FC5A-4A10-91A1-41458EF8B285}.Release|Any CPU.Build.0 = Release|Any CPU
	EndGlobalSection
	GlobalSection(SolutionProperties) = preSolution
		HideSolutionNode = FALSE
	EndGlobalSection
	GlobalSection(ExtensibilityGlobals) = postSolution
		SolutionGuid = {9513AF32-C8DE-4681-A2E4-8041FB22635B}
	EndGlobalSection
EndGlobal
